
Microsoft Visual Studio Solution File, Format Version 12.00
# Visual Studio Version 17
VisualStudioVersion = 17.6.33815.320
MinimumVisualStudioVersion = 10.0.40219.1
Project("{FAE04EC0-301F-11D3-BF4B-00C04F79EFBC}") = "RumerSpreading.Ver5", "RumerSpreading.Ver5.csproj", "{9E390918-42CF-4A9B-92BB-1456D622C8CC}"
EndProject
Project("{2150E333-8FDC-42A3-9474-1A3956D46DE8}") = "方案項目", "方案項目", "{1FDC366A-F9D4-45F7-9FD0-A0A77F4806D5}"
EndProject
Global
	GlobalSection(SolutionConfigurationPlatforms) = preSolution
		Debug|Any CPU = Debug|Any CPU
		Release|Any CPU = Release|Any CPU
	EndGlobalSection
	GlobalSection(ProjectConfigurationPlatforms) = postSolution
		{9E390918-42CF-4A9B-92BB-1456D622C8CC}.Debug|Any CPU.ActiveCfg = Debug|Any CPU
		{9E390918-42CF-4A9B-92BB-1456D622C8CC}.Debug|Any CPU.Build.0 = Debug|Any CPU
		{9E390918-42CF-4A9B-92BB-1456D622C8CC}.Release|Any CPU.ActiveCfg = Release|Any CPU
		{9E390918-42CF-4A9B-92BB-1456D622C8CC}.Release|Any CPU.Build.0 = Release|Any CPU
	EndGlobalSection
	GlobalSection(SolutionProperties) = preSolution
		HideSolutionNode = FALSE
	EndGlobalSection
	GlobalSection(ExtensibilityGlobals) = postSolution
		SolutionGuid = {C4DE139A-84C6-4FF3-B80B-78D968BE8BF8}
	EndGlobalSection
EndGlobal
